
Microsoft Visual Studio Solution File, Format Version 12.00
# Visual Studio Version 16
VisualStudioVersion = 16.0.29201.188
MinimumVisualStudioVersion = 10.0.40219.1
Project("{9A19103F-16F7-4668-BE54-9A1E7A4F7556}") = "Tangy", "Tangy\Tangy.csproj", "{4F5695E7-74AE-443C-BD0D-8F4A6EC44B21}"
EndProject
Global
	GlobalSection(SolutionConfigurationPlatforms) = preSolution
		Debug|Any CPU = Debug|Any CPU
		Release|Any CPU = Release|Any CPU
	EndGlobalSection
	GlobalSection(ProjectConfigurationPlatforms) = postSolution
		{4F5695E7-74AE-443C-BD0D-8F4A6EC44B21}.Debug|Any CPU.ActiveCfg = Debug|Any CPU
		{4F5695E7-74AE-443C-BD0D-8F4A6EC44B21}.Debug|Any CPU.Build.0 = Debug|Any CPU
		{4F5695E7-74AE-443C-BD0D-8F4A6EC44B21}.Release|Any CPU.ActiveCfg = Release|Any CPU
		{4F5695E7-74AE-443C-BD0D-8F4A6EC44B21}.Release|Any CPU.Build.0 = Release|Any CPU
	EndGlobalSection
	GlobalSection(SolutionProperties) = preSolution
		HideSolutionNode = FALSE
	EndGlobalSection
	GlobalSection(ExtensibilityGlobals) = postSolution
		SolutionGuid = {5B89CC59-43A4-49CE-972B-2D5F83BD8731}
	EndGlobalSection
EndGlobal
